// !$*UTF8*$!
{
	archiveVersion = 1;
	classes = {
	};
	objectVersion = 55;
	objects = {

/* Begin PBXBuildFile section */
		6F21DF8A28259FA700685A4D /* ImageUploader.swift in Sources */ = {isa = PBXBuildFile; fileRef = 6F21DF8928259FA700685A4D /* ImageUploader.swift */; };
		6F53F1322826A08F00F7AF8E /* UserService.swift in Sources */ = {isa = PBXBuildFile; fileRef = 6F53F1312826A08F00F7AF8E /* UserService.swift */; };
		6F53F1342826A36200F7AF8E /* User.swift in Sources */ = {isa = PBXBuildFile; fileRef = 6F53F1332826A36200F7AF8E /* User.swift */; };
		6F53F1362828519800F7AF8E /* ExploreViewModel.swift in Sources */ = {isa = PBXBuildFile; fileRef = 6F53F1352828519800F7AF8E /* ExploreViewModel.swift */; };
		6F766B3F2820460000D423C4 /* NewTweetView.swift in Sources */ = {isa = PBXBuildFile; fileRef = 6F766B3E2820460000D423C4 /* NewTweetView.swift */; };
		6F766B4128204E0F00D423C4 /* TextArea.swift in Sources */ = {isa = PBXBuildFile; fileRef = 6F766B4028204E0F00D423C4 /* TextArea.swift */; };
		6F766B462821BBBA00D423C4 /* LoginView.swift in Sources */ = {isa = PBXBuildFile; fileRef = 6F766B452821BBBA00D423C4 /* LoginView.swift */; };
		6F766B482821BBD200D423C4 /* RegistrationView.swift in Sources */ = {isa = PBXBuildFile; fileRef = 6F766B472821BBD200D423C4 /* RegistrationView.swift */; };
		6F766B4A2821BDD300D423C4 /* RoundedShape.swift in Sources */ = {isa = PBXBuildFile; fileRef = 6F766B492821BDD300D423C4 /* RoundedShape.swift */; };
		6F766B4C2821C4F900D423C4 /* CustomInputField.swift in Sources */ = {isa = PBXBuildFile; fileRef = 6F766B4B2821C4F900D423C4 /* CustomInputField.swift */; };
		6F766B4E2821E19C00D423C4 /* GoogleService-Info.plist in Resources */ = {isa = PBXBuildFile; fileRef = 6F766B4D2821E19C00D423C4 /* GoogleService-Info.plist */; };
		6F991D5D281CB68100198BF2 /* tweetDoliApp.swift in Sources */ = {isa = PBXBuildFile; fileRef = 6F991D5C281CB68100198BF2 /* tweetDoliApp.swift */; };
		6F991D5F281CB68100198BF2 /* ContentView.swift in Sources */ = {isa = PBXBuildFile; fileRef = 6F991D5E281CB68100198BF2 /* ContentView.swift */; };
		6F991D61281CB68300198BF2 /* Assets.xcassets in Resources */ = {isa = PBXBuildFile; fileRef = 6F991D60281CB68300198BF2 /* Assets.xcassets */; };
		6F991D64281CB68300198BF2 /* Preview Assets.xcassets in Resources */ = {isa = PBXBuildFile; fileRef = 6F991D63281CB68300198BF2 /* Preview Assets.xcassets */; };
		6F991D73281CB74900198BF2 /* FeedView.swift in Sources */ = {isa = PBXBuildFile; fileRef = 6F991D72281CB74900198BF2 /* FeedView.swift */; };
		6F991D76281CB83E00198BF2 /* TweetsRowView.swift in Sources */ = {isa = PBXBuildFile; fileRef = 6F991D75281CB83E00198BF2 /* TweetsRowView.swift */; };
		6F991D79281CD00000198BF2 /* MainTabView.swift in Sources */ = {isa = PBXBuildFile; fileRef = 6F991D78281CD00000198BF2 /* MainTabView.swift */; };
		6F991D7F281CD18700198BF2 /* ExploreView.swift in Sources */ = {isa = PBXBuildFile; fileRef = 6F991D7E281CD18700198BF2 /* ExploreView.swift */; };
		6F991D81281CD1A700198BF2 /* NotificationView.swift in Sources */ = {isa = PBXBuildFile; fileRef = 6F991D80281CD1A700198BF2 /* NotificationView.swift */; };
		6F991D83281CD1BC00198BF2 /* MessagesView.swift in Sources */ = {isa = PBXBuildFile; fileRef = 6F991D82281CD1BC00198BF2 /* MessagesView.swift */; };
		6F991D87281CD46300198BF2 /* ProfilleView.swift in Sources */ = {isa = PBXBuildFile; fileRef = 6F991D86281CD46300198BF2 /* ProfilleView.swift */; };
		6F991D89281DCB2300198BF2 /* TweetFilterViewModel.swift in Sources */ = {isa = PBXBuildFile; fileRef = 6F991D88281DCB2300198BF2 /* TweetFilterViewModel.swift */; };
		6F991D8E281DEB8C00198BF2 /* UserRowView.swift in Sources */ = {isa = PBXBuildFile; fileRef = 6F991D8D281DEB8C00198BF2 /* UserRowView.swift */; };
		6F991D93281F450400198BF2 /* SideMenuView.swift in Sources */ = {isa = PBXBuildFile; fileRef = 6F991D92281F450400198BF2 /* SideMenuView.swift */; };
		6F991D97281F457D00198BF2 /* SideMenuViewModel.swift in Sources */ = {isa = PBXBuildFile; fileRef = 6F991D96281F457D00198BF2 /* SideMenuViewModel.swift */; };
		6F991D99281F4BB900198BF2 /* UserStatsView.swift in Sources */ = {isa = PBXBuildFile; fileRef = 6F991D98281F4BB900198BF2 /* UserStatsView.swift */; };
		6F991D9B28201EBE00198BF2 /* SideMenuOptionRowView.swift in Sources */ = {isa = PBXBuildFile; fileRef = 6F991D9A28201EBE00198BF2 /* SideMenuOptionRowView.swift */; };
		6FCE0C222822FF6C00815E79 /* AuthViewModel.swift in Sources */ = {isa = PBXBuildFile; fileRef = 6FCE0C212822FF6C00815E79 /* AuthViewModel.swift */; };
		6FCE0C2428244C8A00815E79 /* PhotoSelecterView.swift in Sources */ = {isa = PBXBuildFile; fileRef = 6FCE0C2328244C8A00815E79 /* PhotoSelecterView.swift */; };
		6FCE0C27282455EE00815E79 /* ImagePicker.swift in Sources */ = {isa = PBXBuildFile; fileRef = 6FCE0C26282455EE00815E79 /* ImagePicker.swift */; };
		EB45A4FE5473C485DFB815CC /* Pods_tweetDoli.framework in Frameworks */ = {isa = PBXBuildFile; fileRef = D5DE71A54A23F621E73F79BC /* Pods_tweetDoli.framework */; };
/* End PBXBuildFile section */

/* Begin PBXFileReference section */
		6F21DF8928259FA700685A4D /* ImageUploader.swift */ = {isa = PBXFileReference; lastKnownFileType = sourcecode.swift; path = ImageUploader.swift; sourceTree = "<group>"; };
		6F53F1312826A08F00F7AF8E /* UserService.swift */ = {isa = PBXFileReference; lastKnownFileType = sourcecode.swift; path = UserService.swift; sourceTree = "<group>"; };
		6F53F1332826A36200F7AF8E /* User.swift */ = {isa = PBXFileReference; lastKnownFileType = sourcecode.swift; path = User.swift; sourceTree = "<group>"; };
		6F53F1352828519800F7AF8E /* ExploreViewModel.swift */ = {isa = PBXFileReference; lastKnownFileType = sourcecode.swift; path = ExploreViewModel.swift; sourceTree = "<group>"; };
		6F766B3E2820460000D423C4 /* NewTweetView.swift */ = {isa = PBXFileReference; lastKnownFileType = sourcecode.swift; path = NewTweetView.swift; sourceTree = "<group>"; };
		6F766B4028204E0F00D423C4 /* TextArea.swift */ = {isa = PBXFileReference; lastKnownFileType = sourcecode.swift; path = TextArea.swift; sourceTree = "<group>"; };
		6F766B452821BBBA00D423C4 /* LoginView.swift */ = {isa = PBXFileReference; lastKnownFileType = sourcecode.swift; path = LoginView.swift; sourceTree = "<group>"; };
		6F766B472821BBD200D423C4 /* RegistrationView.swift */ = {isa = PBXFileReference; lastKnownFileType = sourcecode.swift; path = RegistrationView.swift; sourceTree = "<group>"; };
		6F766B492821BDD300D423C4 /* RoundedShape.swift */ = {isa = PBXFileReference; lastKnownFileType = sourcecode.swift; path = RoundedShape.swift; sourceTree = "<group>"; };
		6F766B4B2821C4F900D423C4 /* CustomInputField.swift */ = {isa = PBXFileReference; lastKnownFileType = sourcecode.swift; path = CustomInputField.swift; sourceTree = "<group>"; };
		6F766B4D2821E19C00D423C4 /* GoogleService-Info.plist */ = {isa = PBXFileReference; fileEncoding = 4; lastKnownFileType = text.plist.xml; path = "GoogleService-Info.plist"; sourceTree = "<group>"; };
		6F991D59281CB68100198BF2 /* tweetDoli.app */ = {isa = PBXFileReference; explicitFileType = wrapper.application; includeInIndex = 0; path = tweetDoli.app; sourceTree = BUILT_PRODUCTS_DIR; };
		6F991D5C281CB68100198BF2 /* tweetDoliApp.swift */ = {isa = PBXFileReference; lastKnownFileType = sourcecode.swift; path = tweetDoliApp.swift; sourceTree = "<group>"; };
		6F991D5E281CB68100198BF2 /* ContentView.swift */ = {isa = PBXFileReference; lastKnownFileType = sourcecode.swift; path = ContentView.swift; sourceTree = "<group>"; };
		6F991D60281CB68300198BF2 /* Assets.xcassets */ = {isa = PBXFileReference; lastKnownFileType = folder.assetcatalog; path = Assets.xcassets; sourceTree = "<group>"; };
		6F991D63281CB68300198BF2 /* Preview Assets.xcassets */ = {isa = PBXFileReference; lastKnownFileType = folder.assetcatalog; path = "Preview Assets.xcassets"; sourceTree = "<group>"; };
		6F991D72281CB74900198BF2 /* FeedView.swift */ = {isa = PBXFileReference; lastKnownFileType = sourcecode.swift; path = FeedView.swift; sourceTree = "<group>"; };
		6F991D75281CB83E00198BF2 /* TweetsRowView.swift */ = {isa = PBXFileReference; lastKnownFileType = sourcecode.swift; path = TweetsRowView.swift; sourceTree = "<group>"; };
		6F991D78281CD00000198BF2 /* MainTabView.swift */ = {isa = PBXFileReference; lastKnownFileType = sourcecode.swift; path = MainTabView.swift; sourceTree = "<group>"; };
		6F991D7E281CD18700198BF2 /* ExploreView.swift */ = {isa = PBXFileReference; lastKnownFileType = sourcecode.swift; path = ExploreView.swift; sourceTree = "<group>"; };
		6F991D80281CD1A700198BF2 /* NotificationView.swift */ = {isa = PBXFileReference; lastKnownFileType = sourcecode.swift; path = NotificationView.swift; sourceTree = "<group>"; };
		6F991D82281CD1BC00198BF2 /* MessagesView.swift */ = {isa = PBXFileReference; lastKnownFileType = sourcecode.swift; path = MessagesView.swift; sourceTree = "<group>"; };
		6F991D86281CD46300198BF2 /* ProfilleView.swift */ = {isa = PBXFileReference; lastKnownFileType = sourcecode.swift; path = ProfilleView.swift; sourceTree = "<group>"; };
		6F991D88281DCB2300198BF2 /* TweetFilterViewModel.swift */ = {isa = PBXFileReference; lastKnownFileType = sourcecode.swift; path = TweetFilterViewModel.swift; sourceTree = "<group>"; };
		6F991D8D281DEB8C00198BF2 /* UserRowView.swift */ = {isa = PBXFileReference; lastKnownFileType = sourcecode.swift; path = UserRowView.swift; sourceTree = "<group>"; };
		6F991D92281F450400198BF2 /* SideMenuView.swift */ = {isa = PBXFileReference; lastKnownFileType = sourcecode.swift; path = SideMenuView.swift; sourceTree = "<group>"; };
		6F991D96281F457D00198BF2 /* SideMenuViewModel.swift */ = {isa = PBXFileReference; lastKnownFileType = sourcecode.swift; path = SideMenuViewModel.swift; sourceTree = "<group>"; };
		6F991D98281F4BB900198BF2 /* UserStatsView.swift */ = {isa = PBXFileReference; lastKnownFileType = sourcecode.swift; path = UserStatsView.swift; sourceTree = "<group>"; };
		6F991D9A28201EBE00198BF2 /* SideMenuOptionRowView.swift */ = {isa = PBXFileReference; lastKnownFileType = sourcecode.swift; path = SideMenuOptionRowView.swift; sourceTree = "<group>"; };
		6FCE0C212822FF6C00815E79 /* AuthViewModel.swift */ = {isa = PBXFileReference; lastKnownFileType = sourcecode.swift; path = AuthViewModel.swift; sourceTree = "<group>"; };
		6FCE0C2328244C8A00815E79 /* PhotoSelecterView.swift */ = {isa = PBXFileReference; lastKnownFileType = sourcecode.swift; path = PhotoSelecterView.swift; sourceTree = "<group>"; };
		6FCE0C26282455EE00815E79 /* ImagePicker.swift */ = {isa = PBXFileReference; lastKnownFileType = sourcecode.swift; path = ImagePicker.swift; sourceTree = "<group>"; };
		ACFE6929C5C1E4DC142B76DD /* Pods-tweetDoli.debug.xcconfig */ = {isa = PBXFileReference; includeInIndex = 1; lastKnownFileType = text.xcconfig; name = "Pods-tweetDoli.debug.xcconfig"; path = "Target Support Files/Pods-tweetDoli/Pods-tweetDoli.debug.xcconfig"; sourceTree = "<group>"; };
		D5DE71A54A23F621E73F79BC /* Pods_tweetDoli.framework */ = {isa = PBXFileReference; explicitFileType = wrapper.framework; includeInIndex = 0; path = Pods_tweetDoli.framework; sourceTree = BUILT_PRODUCTS_DIR; };
		EFD0185C40549008BB044920 /* Pods-tweetDoli.release.xcconfig */ = {isa = PBXFileReference; includeInIndex = 1; lastKnownFileType = text.xcconfig; name = "Pods-tweetDoli.release.xcconfig"; path = "Target Support Files/Pods-tweetDoli/Pods-tweetDoli.release.xcconfig"; sourceTree = "<group>"; };
/* End PBXFileReference section */

/* Begin PBXFrameworksBuildPhase section */
		6F991D56281CB68100198BF2 /* Frameworks */ = {
			isa = PBXFrameworksBuildPhase;
			buildActionMask = 2147483647;
			files = (
				EB45A4FE5473C485DFB815CC /* Pods_tweetDoli.framework in Frameworks */,
			);
			runOnlyForDeploymentPostprocessing = 0;
		};
/* End PBXFrameworksBuildPhase section */

/* Begin PBXGroup section */
		1C81D5E9466940195D70B63D /* Frameworks */ = {
			isa = PBXGroup;
			children = (
				D5DE71A54A23F621E73F79BC /* Pods_tweetDoli.framework */,
			);
			name = Frameworks;
			sourceTree = "<group>";
		};
		6F766B3B2820408800D423C4 /* UpLoadtweet */ = {
			isa = PBXGroup;
			children = (
				6F766B3C282040A700D423C4 /* ViewModel */,
				6F766B3D282040AF00D423C4 /* View */,
			);
			path = UpLoadtweet;
			sourceTree = "<group>";
		};
		6F766B3C282040A700D423C4 /* ViewModel */ = {
			isa = PBXGroup;
			children = (
			);
			path = ViewModel;
			sourceTree = "<group>";
		};
		6F766B3D282040AF00D423C4 /* View */ = {
			isa = PBXGroup;
			children = (
				6F766B3E2820460000D423C4 /* NewTweetView.swift */,
			);
			path = View;
			sourceTree = "<group>";
		};
		6F766B422821BB8C00D423C4 /* Authentication */ = {
			isa = PBXGroup;
			children = (
				6F766B442821BB9D00D423C4 /* ViewModel */,
				6F766B432821BB9B00D423C4 /* View */,
			);
			path = Authentication;
			sourceTree = "<group>";
		};
		6F766B432821BB9B00D423C4 /* View */ = {
			isa = PBXGroup;
			children = (
				6F766B452821BBBA00D423C4 /* LoginView.swift */,
				6F766B472821BBD200D423C4 /* RegistrationView.swift */,
				6FCE0C2328244C8A00815E79 /* PhotoSelecterView.swift */,
			);
			path = View;
			sourceTree = "<group>";
		};
		6F766B442821BB9D00D423C4 /* ViewModel */ = {
			isa = PBXGroup;
			children = (
				6FCE0C212822FF6C00815E79 /* AuthViewModel.swift */,
			);
			path = ViewModel;
			sourceTree = "<group>";
		};
		6F991D50281CB68100198BF2 = {
			isa = PBXGroup;
			children = (
				6F991D5B281CB68100198BF2 /* tweetDoli */,
				6F991D5A281CB68100198BF2 /* Products */,
				964873632BD23DCF4821C11B /* Pods */,
				1C81D5E9466940195D70B63D /* Frameworks */,
			);
			sourceTree = "<group>";
		};
		6F991D5A281CB68100198BF2 /* Products */ = {
			isa = PBXGroup;
			children = (
				6F991D59281CB68100198BF2 /* tweetDoli.app */,
			);
			name = Products;
			sourceTree = "<group>";
		};
		6F991D5B281CB68100198BF2 /* tweetDoli */ = {
			isa = PBXGroup;
			children = (
				6FCE0C25282455D200815E79 /* Utils */,
				6F991D6D281CB6A800198BF2 /* Extensions */,
				6F991D6C281CB6A500198BF2 /* Model */,
				6F991D6B281CB69F00198BF2 /* Service */,
				6F991D6A281CB69B00198BF2 /* Core */,
				6F991D5C281CB68100198BF2 /* tweetDoliApp.swift */,
				6F991D5E281CB68100198BF2 /* ContentView.swift */,
				6F991D60281CB68300198BF2 /* Assets.xcassets */,
				6F766B4D2821E19C00D423C4 /* GoogleService-Info.plist */,
				6F991D62281CB68300198BF2 /* Preview Content */,
			);
			path = tweetDoli;
			sourceTree = "<group>";
		};
		6F991D62281CB68300198BF2 /* Preview Content */ = {
			isa = PBXGroup;
			children = (
				6F991D63281CB68300198BF2 /* Preview Assets.xcassets */,
			);
			path = "Preview Content";
			sourceTree = "<group>";
		};
		6F991D6A281CB69B00198BF2 /* Core */ = {
			isa = PBXGroup;
			children = (
				6F766B422821BB8C00D423C4 /* Authentication */,
				6F991D6E281CB6CC00198BF2 /* Components */,
				6F766B3B2820408800D423C4 /* UpLoadtweet */,
				6F991D8F281F444600198BF2 /* SideMenu */,
				6F991D7D281CD15D00198BF2 /* Profile */,
				6F991D7C281CD12600198BF2 /* Explore */,
				6F991D7B281CD12400198BF2 /* Notification */,
				6F991D7A281CD12000198BF2 /* Messages */,
				6F991D77281CCFC400198BF2 /* MainTab */,
				6F991D6F281CB6D600198BF2 /* Feed */,
			);
			path = Core;
			sourceTree = "<group>";
		};
		6F991D6B281CB69F00198BF2 /* Service */ = {
			isa = PBXGroup;
			children = (
				6F21DF8928259FA700685A4D /* ImageUploader.swift */,
				6F53F1312826A08F00F7AF8E /* UserService.swift */,
			);
			path = Service;
			sourceTree = "<group>";
		};
		6F991D6C281CB6A500198BF2 /* Model */ = {
			isa = PBXGroup;
			children = (
				6F53F1332826A36200F7AF8E /* User.swift */,
			);
			path = Model;
			sourceTree = "<group>";
		};
		6F991D6D281CB6A800198BF2 /* Extensions */ = {
			isa = PBXGroup;
			children = (
			);
			path = Extensions;
			sourceTree = "<group>";
		};
		6F991D6E281CB6CC00198BF2 /* Components */ = {
			isa = PBXGroup;
			children = (
				6F991D8C281DEB7200198BF2 /* Users */,
				6F991D74281CB7FB00198BF2 /* Tweets */,
				6F766B492821BDD300D423C4 /* RoundedShape.swift */,
				6F766B4B2821C4F900D423C4 /* CustomInputField.swift */,
			);
			path = Components;
			sourceTree = "<group>";
		};
		6F991D6F281CB6D600198BF2 /* Feed */ = {
			isa = PBXGroup;
			children = (
				6F991D71281CB71300198BF2 /* ViewModels */,
				6F991D70281CB70F00198BF2 /* View */,
			);
			path = Feed;
			sourceTree = "<group>";
		};
		6F991D70281CB70F00198BF2 /* View */ = {
			isa = PBXGroup;
			children = (
				6F991D72281CB74900198BF2 /* FeedView.swift */,
			);
			path = View;
			sourceTree = "<group>";
		};
		6F991D71281CB71300198BF2 /* ViewModels */ = {
			isa = PBXGroup;
			children = (
			);
			name = ViewModels;
			path = "New Group/ViewModels";
			sourceTree = "<group>";
		};
		6F991D74281CB7FB00198BF2 /* Tweets */ = {
			isa = PBXGroup;
			children = (
				6F991D75281CB83E00198BF2 /* TweetsRowView.swift */,
				6F766B4028204E0F00D423C4 /* TextArea.swift */,
			);
			path = Tweets;
			sourceTree = "<group>";
		};
		6F991D77281CCFC400198BF2 /* MainTab */ = {
			isa = PBXGroup;
			children = (
				6F991D78281CD00000198BF2 /* MainTabView.swift */,
			);
			path = MainTab;
			sourceTree = "<group>";
		};
		6F991D7A281CD12000198BF2 /* Messages */ = {
			isa = PBXGroup;
			children = (
				6F991D82281CD1BC00198BF2 /* MessagesView.swift */,
			);
			path = Messages;
			sourceTree = "<group>";
		};
		6F991D7B281CD12400198BF2 /* Notification */ = {
			isa = PBXGroup;
			children = (
				6F991D80281CD1A700198BF2 /* NotificationView.swift */,
			);
			path = Notification;
			sourceTree = "<group>";
		};
		6F991D7C281CD12600198BF2 /* Explore */ = {
			isa = PBXGroup;
			children = (
				6F991D8B281DEB6300198BF2 /* View */,
				6F991D8A281DEB5700198BF2 /* ViewModel */,
			);
			path = Explore;
			sourceTree = "<group>";
		};
		6F991D7D281CD15D00198BF2 /* Profile */ = {
			isa = PBXGroup;
			children = (
				6F991D84281CD43D00198BF2 /* ViewModels */,
				6F991D85281CD44900198BF2 /* View */,
			);
			path = Profile;
			sourceTree = "<group>";
		};
		6F991D84281CD43D00198BF2 /* ViewModels */ = {
			isa = PBXGroup;
			children = (
				6F991D88281DCB2300198BF2 /* TweetFilterViewModel.swift */,
			);
			path = ViewModels;
			sourceTree = "<group>";
		};
		6F991D85281CD44900198BF2 /* View */ = {
			isa = PBXGroup;
			children = (
				6F991D86281CD46300198BF2 /* ProfilleView.swift */,
			);
			path = View;
			sourceTree = "<group>";
		};
		6F991D8A281DEB5700198BF2 /* ViewModel */ = {
			isa = PBXGroup;
			children = (
				6F53F1352828519800F7AF8E /* ExploreViewModel.swift */,
			);
			path = ViewModel;
			sourceTree = "<group>";
		};
		6F991D8B281DEB6300198BF2 /* View */ = {
			isa = PBXGroup;
			children = (
				6F991D7E281CD18700198BF2 /* ExploreView.swift */,
			);
			path = View;
			sourceTree = "<group>";
		};
		6F991D8C281DEB7200198BF2 /* Users */ = {
			isa = PBXGroup;
			children = (
				6F991D8D281DEB8C00198BF2 /* UserRowView.swift */,
				6F991D98281F4BB900198BF2 /* UserStatsView.swift */,
			);
			path = Users;
			sourceTree = "<group>";
		};
		6F991D8F281F444600198BF2 /* SideMenu */ = {
			isa = PBXGroup;
			children = (
				6F991D91281F44D900198BF2 /* View */,
				6F991D90281F44CC00198BF2 /* ViewModel */,
			);
			path = SideMenu;
			sourceTree = "<group>";
		};
		6F991D90281F44CC00198BF2 /* ViewModel */ = {
			isa = PBXGroup;
			children = (
				6F991D96281F457D00198BF2 /* SideMenuViewModel.swift */,
			);
			path = ViewModel;
			sourceTree = "<group>";
		};
		6F991D91281F44D900198BF2 /* View */ = {
			isa = PBXGroup;
			children = (
				6F991D92281F450400198BF2 /* SideMenuView.swift */,
				6F991D9A28201EBE00198BF2 /* SideMenuOptionRowView.swift */,
			);
			path = View;
			sourceTree = "<group>";
		};
		6FCE0C25282455D200815E79 /* Utils */ = {
			isa = PBXGroup;
			children = (
				6FCE0C26282455EE00815E79 /* ImagePicker.swift */,
			);
			path = Utils;
			sourceTree = "<group>";
		};
		964873632BD23DCF4821C11B /* Pods */ = {
			isa = PBXGroup;
			children = (
				ACFE6929C5C1E4DC142B76DD /* Pods-tweetDoli.debug.xcconfig */,
				EFD0185C40549008BB044920 /* Pods-tweetDoli.release.xcconfig */,
			);
			path = Pods;
			sourceTree = "<group>";
		};
/* End PBXGroup section */

/* Begin PBXNativeTarget section */
		6F991D58281CB68100198BF2 /* tweetDoli */ = {
			isa = PBXNativeTarget;
			buildConfigurationList = 6F991D67281CB68300198BF2 /* Build configuration list for PBXNativeTarget "tweetDoli" */;
			buildPhases = (
				75578CEF3FD2176B3931CC95 /* [CP] Check Pods Manifest.lock */,
				6F991D55281CB68100198BF2 /* Sources */,
				6F991D56281CB68100198BF2 /* Frameworks */,
				6F991D57281CB68100198BF2 /* Resources */,
				CE5DBF600E8BF034EC723F0C /* [CP] Embed Pods Frameworks */,
			);
			buildRules = (
			);
			dependencies = (
			);
			name = tweetDoli;
			productName = tweetDoli;
			productReference = 6F991D59281CB68100198BF2 /* tweetDoli.app */;
			productType = "com.apple.product-type.application";
		};
/* End PBXNativeTarget section */

/* Begin PBXProject section */
		6F991D51281CB68100198BF2 /* Project object */ = {
			isa = PBXProject;
			attributes = {
				BuildIndependentTargetsInParallel = 1;
				LastSwiftUpdateCheck = 1330;
				LastUpgradeCheck = 1330;
				TargetAttributes = {
					6F991D58281CB68100198BF2 = {
						CreatedOnToolsVersion = 13.3;
					};
				};
			};
			buildConfigurationList = 6F991D54281CB68100198BF2 /* Build configuration list for PBXProject "tweetDoli" */;
			compatibilityVersion = "Xcode 13.0";
			developmentRegion = en;
			hasScannedForEncodings = 0;
			knownRegions = (
				en,
				Base,
			);
			mainGroup = 6F991D50281CB68100198BF2;
			packageReferences = (
			);
			productRefGroup = 6F991D5A281CB68100198BF2 /* Products */;
			projectDirPath = "";
			projectRoot = "";
			targets = (
				6F991D58281CB68100198BF2 /* tweetDoli */,
			);
		};
/* End PBXProject section */

/* Begin PBXResourcesBuildPhase section */
		6F991D57281CB68100198BF2 /* Resources */ = {
			isa = PBXResourcesBuildPhase;
			buildActionMask = 2147483647;
			files = (
				6F991D64281CB68300198BF2 /* Preview Assets.xcassets in Resources */,
				6F991D61281CB68300198BF2 /* Assets.xcassets in Resources */,
				6F766B4E2821E19C00D423C4 /* GoogleService-Info.plist in Resources */,
			);
			runOnlyForDeploymentPostprocessing = 0;
		};
/* End PBXResourcesBuildPhase section */

/* Begin PBXShellScriptBuildPhase section */
		75578CEF3FD2176B3931CC95 /* [CP] Check Pods Manifest.lock */ = {
			isa = PBXShellScriptBuildPhase;
			buildActionMask = 2147483647;
			files = (
			);
			inputFileListPaths = (
			);
			inputPaths = (
				"${PODS_PODFILE_DIR_PATH}/Podfile.lock",
				"${PODS_ROOT}/Manifest.lock",
			);
			name = "[CP] Check Pods Manifest.lock";
			outputFileListPaths = (
			);
			outputPaths = (
				"$(DERIVED_FILE_DIR)/Pods-tweetDoli-checkManifestLockResult.txt",
			);
			runOnlyForDeploymentPostprocessing = 0;
			shellPath = /bin/sh;
			shellScript = "diff \"${PODS_PODFILE_DIR_PATH}/Podfile.lock\" \"${PODS_ROOT}/Manifest.lock\" > /dev/null\nif [ $? != 0 ] ; then\n    # print error to STDERR\n    echo \"error: The sandbox is not in sync with the Podfile.lock. Run 'pod install' or update your CocoaPods installation.\" >&2\n    exit 1\nfi\n# This output is used by Xcode 'outputs' to avoid re-running this script phase.\necho \"SUCCESS\" > \"${SCRIPT_OUTPUT_FILE_0}\"\n";
			showEnvVarsInLog = 0;
		};
		CE5DBF600E8BF034EC723F0C /* [CP] Embed Pods Frameworks */ = {
			isa = PBXShellScriptBuildPhase;
			buildActionMask = 2147483647;
			files = (
			);
			inputFileListPaths = (
				"${PODS_ROOT}/Target Support Files/Pods-tweetDoli/Pods-tweetDoli-frameworks-${CONFIGURATION}-input-files.xcfilelist",
			);
			name = "[CP] Embed Pods Frameworks";
			outputFileListPaths = (
				"${PODS_ROOT}/Target Support Files/Pods-tweetDoli/Pods-tweetDoli-frameworks-${CONFIGURATION}-output-files.xcfilelist",
			);
			runOnlyForDeploymentPostprocessing = 0;
			shellPath = /bin/sh;
			shellScript = "\"${PODS_ROOT}/Target Support Files/Pods-tweetDoli/Pods-tweetDoli-frameworks.sh\"\n";
			showEnvVarsInLog = 0;
		};
/* End PBXShellScriptBuildPhase section */

/* Begin PBXSourcesBuildPhase section */
		6F991D55281CB68100198BF2 /* Sources */ = {
			isa = PBXSourcesBuildPhase;
			buildActionMask = 2147483647;
			files = (
				6F991D5F281CB68100198BF2 /* ContentView.swift in Sources */,
				6F991D83281CD1BC00198BF2 /* MessagesView.swift in Sources */,
				6F21DF8A28259FA700685A4D /* ImageUploader.swift in Sources */,
				6F991D76281CB83E00198BF2 /* TweetsRowView.swift in Sources */,
				6F991D81281CD1A700198BF2 /* NotificationView.swift in Sources */,
				6F53F1342826A36200F7AF8E /* User.swift in Sources */,
				6F766B4C2821C4F900D423C4 /* CustomInputField.swift in Sources */,
				6F53F1322826A08F00F7AF8E /* UserService.swift in Sources */,
				6F991D89281DCB2300198BF2 /* TweetFilterViewModel.swift in Sources */,
				6F991D73281CB74900198BF2 /* FeedView.swift in Sources */,
				6F991D93281F450400198BF2 /* SideMenuView.swift in Sources */,
				6F991D5D281CB68100198BF2 /* tweetDoliApp.swift in Sources */,
				6FCE0C2428244C8A00815E79 /* PhotoSelecterView.swift in Sources */,
				6F991D87281CD46300198BF2 /* ProfilleView.swift in Sources */,
				6F991D97281F457D00198BF2 /* SideMenuViewModel.swift in Sources */,
				6F766B4128204E0F00D423C4 /* TextArea.swift in Sources */,
				6F991D8E281DEB8C00198BF2 /* UserRowView.swift in Sources */,
				6F766B462821BBBA00D423C4 /* LoginView.swift in Sources */,
				6F766B482821BBD200D423C4 /* RegistrationView.swift in Sources */,
				6F766B3F2820460000D423C4 /* NewTweetView.swift in Sources */,
				6F53F1362828519800F7AF8E /* ExploreViewModel.swift in Sources */,
				6F766B4A2821BDD300D423C4 /* RoundedShape.swift in Sources */,
				6F991D9B28201EBE00198BF2 /* SideMenuOptionRowView.swift in Sources */,
				6FCE0C222822FF6C00815E79 /* AuthViewModel.swift in Sources */,
				6F991D7F281CD18700198BF2 /* ExploreView.swift in Sources */,
				6FCE0C27282455EE00815E79 /* ImagePicker.swift in Sources */,
				6F991D79281CD00000198BF2 /* MainTabView.swift in Sources */,
				6F991D99281F4BB900198BF2 /* UserStatsView.swift in Sources */,
			);
			runOnlyForDeploymentPostprocessing = 0;
		};
/* End PBXSourcesBuildPhase section */

/* Begin XCBuildConfiguration section */
		6F991D65281CB68300198BF2 /* Debug */ = {
			isa = XCBuildConfiguration;
			buildSettings = {
				ALWAYS_SEARCH_USER_PATHS = NO;
				CLANG_ANALYZER_NONNULL = YES;
				CLANG_ANALYZER_NUMBER_OBJECT_CONVERSION = YES_AGGRESSIVE;
				CLANG_CXX_LANGUAGE_STANDARD = "gnu++17";
				CLANG_ENABLE_MODULES = YES;
				CLANG_ENABLE_OBJC_ARC = YES;
				CLANG_ENABLE_OBJC_WEAK = YES;
				CLANG_WARN_BLOCK_CAPTURE_AUTORELEASING = YES;
				CLANG_WARN_BOOL_CONVERSION = YES;
				CLANG_WARN_COMMA = YES;
				CLANG_WARN_CONSTANT_CONVERSION = YES;
				CLANG_WARN_DEPRECATED_OBJC_IMPLEMENTATIONS = YES;
				CLANG_WARN_DIRECT_OBJC_ISA_USAGE = YES_ERROR;
				CLANG_WARN_DOCUMENTATION_COMMENTS = YES;
				CLANG_WARN_EMPTY_BODY = YES;
				CLANG_WARN_ENUM_CONVERSION = YES;
				CLANG_WARN_INFINITE_RECURSION = YES;
				CLANG_WARN_INT_CONVERSION = YES;
				CLANG_WARN_NON_LITERAL_NULL_CONVERSION = YES;
				CLANG_WARN_OBJC_IMPLICIT_RETAIN_SELF = YES;
				CLANG_WARN_OBJC_LITERAL_CONVERSION = YES;
				CLANG_WARN_OBJC_ROOT_CLASS = YES_ERROR;
				CLANG_WARN_QUOTED_INCLUDE_IN_FRAMEWORK_HEADER = YES;
				CLANG_WARN_RANGE_LOOP_ANALYSIS = YES;
				CLANG_WARN_STRICT_PROTOTYPES = YES;
				CLANG_WARN_SUSPICIOUS_MOVE = YES;
				CLANG_WARN_UNGUARDED_AVAILABILITY = YES_AGGRESSIVE;
				CLANG_WARN_UNREACHABLE_CODE = YES;
				CLANG_WARN__DUPLICATE_METHOD_MATCH = YES;
				COPY_PHASE_STRIP = NO;
				DEBUG_INFORMATION_FORMAT = dwarf;
				ENABLE_STRICT_OBJC_MSGSEND = YES;
				ENABLE_TESTABILITY = YES;
				GCC_C_LANGUAGE_STANDARD = gnu11;
				GCC_DYNAMIC_NO_PIC = NO;
				GCC_NO_COMMON_BLOCKS = YES;
				GCC_OPTIMIZATION_LEVEL = 0;
				GCC_PREPROCESSOR_DEFINITIONS = (
					"DEBUG=1",
					"$(inherited)",
				);
				GCC_WARN_64_TO_32_BIT_CONVERSION = YES;
				GCC_WARN_ABOUT_RETURN_TYPE = YES_ERROR;
				GCC_WARN_UNDECLARED_SELECTOR = YES;
				GCC_WARN_UNINITIALIZED_AUTOS = YES_AGGRESSIVE;
				GCC_WARN_UNUSED_FUNCTION = YES;
				GCC_WARN_UNUSED_VARIABLE = YES;
				IPHONEOS_DEPLOYMENT_TARGET = 15.4;
				MTL_ENABLE_DEBUG_INFO = INCLUDE_SOURCE;
				MTL_FAST_MATH = YES;
				ONLY_ACTIVE_ARCH = YES;
				SDKROOT = iphoneos;
				SWIFT_ACTIVE_COMPILATION_CONDITIONS = DEBUG;
				SWIFT_OPTIMIZATION_LEVEL = "-Onone";
			};
			name = Debug;
		};
		6F991D66281CB68300198BF2 /* Release */ = {
			isa = XCBuildConfiguration;
			buildSettings = {
				ALWAYS_SEARCH_USER_PATHS = NO;
				CLANG_ANALYZER_NONNULL = YES;
				CLANG_ANALYZER_NUMBER_OBJECT_CONVERSION = YES_AGGRESSIVE;
				CLANG_CXX_LANGUAGE_STANDARD = "gnu++17";
				CLANG_ENABLE_MODULES = YES;
				CLANG_ENABLE_OBJC_ARC = YES;
				CLANG_ENABLE_OBJC_WEAK = YES;
				CLANG_WARN_BLOCK_CAPTURE_AUTORELEASING = YES;
				CLANG_WARN_BOOL_CONVERSION = YES;
				CLANG_WARN_COMMA = YES;
				CLANG_WARN_CONSTANT_CONVERSION = YES;
				CLANG_WARN_DEPRECATED_OBJC_IMPLEMENTATIONS = YES;
				CLANG_WARN_DIRECT_OBJC_ISA_USAGE = YES_ERROR;
				CLANG_WARN_DOCUMENTATION_COMMENTS = YES;
				CLANG_WARN_EMPTY_BODY = YES;
				CLANG_WARN_ENUM_CONVERSION = YES;
				CLANG_WARN_INFINITE_RECURSION = YES;
				CLANG_WARN_INT_CONVERSION = YES;
				CLANG_WARN_NON_LITERAL_NULL_CONVERSION = YES;
				CLANG_WARN_OBJC_IMPLICIT_RETAIN_SELF = YES;
				CLANG_WARN_OBJC_LITERAL_CONVERSION = YES;
				CLANG_WARN_OBJC_ROOT_CLASS = YES_ERROR;
				CLANG_WARN_QUOTED_INCLUDE_IN_FRAMEWORK_HEADER = YES;
				CLANG_WARN_RANGE_LOOP_ANALYSIS = YES;
				CLANG_WARN_STRICT_PROTOTYPES = YES;
				CLANG_WARN_SUSPICIOUS_MOVE = YES;
				CLANG_WARN_UNGUARDED_AVAILABILITY = YES_AGGRESSIVE;
				CLANG_WARN_UNREACHABLE_CODE = YES;
				CLANG_WARN__DUPLICATE_METHOD_MATCH = YES;
				COPY_PHASE_STRIP = NO;
				DEBUG_INFORMATION_FORMAT = "dwarf-with-dsym";
				ENABLE_NS_ASSERTIONS = NO;
				ENABLE_STRICT_OBJC_MSGSEND = YES;
				GCC_C_LANGUAGE_STANDARD = gnu11;
				GCC_NO_COMMON_BLOCKS = YES;
				GCC_WARN_64_TO_32_BIT_CONVERSION = YES;
				GCC_WARN_ABOUT_RETURN_TYPE = YES_ERROR;
				GCC_WARN_UNDECLARED_SELECTOR = YES;
				GCC_WARN_UNINITIALIZED_AUTOS = YES_AGGRESSIVE;
				GCC_WARN_UNUSED_FUNCTION = YES;
				GCC_WARN_UNUSED_VARIABLE = YES;
				IPHONEOS_DEPLOYMENT_TARGET = 15.4;
				MTL_ENABLE_DEBUG_INFO = NO;
				MTL_FAST_MATH = YES;
				SDKROOT = iphoneos;
				SWIFT_COMPILATION_MODE = wholemodule;
				SWIFT_OPTIMIZATION_LEVEL = "-O";
				VALIDATE_PRODUCT = YES;
			};
			name = Release;
		};
		6F991D68281CB68300198BF2 /* Debug */ = {
			isa = XCBuildConfiguration;
			baseConfigurationReference = ACFE6929C5C1E4DC142B76DD /* Pods-tweetDoli.debug.xcconfig */;
			buildSettings = {
				ASSETCATALOG_COMPILER_APPICON_NAME = AppIcon;
				ASSETCATALOG_COMPILER_GLOBAL_ACCENT_COLOR_NAME = AccentColor;
				CODE_SIGN_STYLE = Automatic;
				CURRENT_PROJECT_VERSION = 1;
				DEVELOPMENT_ASSET_PATHS = "\"tweetDoli/Preview Content\"";
				DEVELOPMENT_TEAM = GP4P669DH8;
				ENABLE_PREVIEWS = YES;
				GENERATE_INFOPLIST_FILE = YES;
				INFOPLIST_KEY_UIApplicationSceneManifest_Generation = YES;
				INFOPLIST_KEY_UIApplicationSupportsIndirectInputEvents = YES;
				INFOPLIST_KEY_UILaunchScreen_Generation = YES;
				INFOPLIST_KEY_UISupportedInterfaceOrientations_iPad = "UIInterfaceOrientationPortrait UIInterfaceOrientationPortraitUpsideDown UIInterfaceOrientationLandscapeLeft UIInterfaceOrientationLandscapeRight";
				INFOPLIST_KEY_UISupportedInterfaceOrientations_iPhone = "UIInterfaceOrientationPortrait UIInterfaceOrientationLandscapeLeft UIInterfaceOrientationLandscapeRight";
				LD_RUNPATH_SEARCH_PATHS = (
					"$(inherited)",
					"@executable_path/Frameworks",
				);
				MARKETING_VERSION = 1.0;
				PRODUCT_BUNDLE_IDENTIFIER = com.dolinkue.nico.tweetDoli;
				PRODUCT_NAME = "$(TARGET_NAME)";
				SWIFT_EMIT_LOC_STRINGS = YES;
				SWIFT_VERSION = 5.0;
				TARGETED_DEVICE_FAMILY = "1,2";
			};
			name = Debug;
		};
		6F991D69281CB68300198BF2 /* Release */ = {
			isa = XCBuildConfiguration;
			baseConfigurationReference = EFD0185C40549008BB044920 /* Pods-tweetDoli.release.xcconfig */;
			buildSettings = {
				ASSETCATALOG_COMPILER_APPICON_NAME = AppIcon;
				ASSETCATALOG_COMPILER_GLOBAL_ACCENT_COLOR_NAME = AccentColor;
				CODE_SIGN_STYLE = Automatic;
				CURRENT_PROJECT_VERSION = 1;
				DEVELOPMENT_ASSET_PATHS = "\"tweetDoli/Preview Content\"";
				DEVELOPMENT_TEAM = GP4P669DH8;
				ENABLE_PREVIEWS = YES;
				GENERATE_INFOPLIST_FILE = YES;
				INFOPLIST_KEY_UIApplicationSceneManifest_Generation = YES;
				INFOPLIST_KEY_UIApplicationSupportsIndirectInputEvents = YES;
				INFOPLIST_KEY_UILaunchScreen_Generation = YES;
				INFOPLIST_KEY_UISupportedInterfaceOrientations_iPad = "UIInterfaceOrientationPortrait UIInterfaceOrientationPortraitUpsideDown UIInterfaceOrientationLandscapeLeft UIInterfaceOrientationLandscapeRight";
				INFOPLIST_KEY_UISupportedInterfaceOrientations_iPhone = "UIInterfaceOrientationPortrait UIInterfaceOrientationLandscapeLeft UIInterfaceOrientationLandscapeRight";
				LD_RUNPATH_SEARCH_PATHS = (
					"$(inherited)",
					"@executable_path/Frameworks",
				);
				MARKETING_VERSION = 1.0;
				PRODUCT_BUNDLE_IDENTIFIER = com.dolinkue.nico.tweetDoli;
				PRODUCT_NAME = "$(TARGET_NAME)";
				SWIFT_EMIT_LOC_STRINGS = YES;
				SWIFT_VERSION = 5.0;
				TARGETED_DEVICE_FAMILY = "1,2";
			};
			name = Release;
		};
/* End XCBuildConfiguration section */

/* Begin XCConfigurationList section */
		6F991D54281CB68100198BF2 /* Build configuration list for PBXProject "tweetDoli" */ = {
			isa = XCConfigurationList;
			buildConfigurations = (
				6F991D65281CB68300198BF2 /* Debug */,
				6F991D66281CB68300198BF2 /* Release */,
			);
			defaultConfigurationIsVisible = 0;
			defaultConfigurationName = Release;
		};
		6F991D67281CB68300198BF2 /* Build configuration list for PBXNativeTarget "tweetDoli" */ = {
			isa = XCConfigurationList;
			buildConfigurations = (
				6F991D68281CB68300198BF2 /* Debug */,
				6F991D69281CB68300198BF2 /* Release */,
			);
			defaultConfigurationIsVisible = 0;
			defaultConfigurationName = Release;
		};
/* End XCConfigurationList section */
	};
	rootObject = 6F991D51281CB68100198BF2 /* Project object */;
}
